// !$*UTF8*$!
{
	archiveVersion = 1;
	classes = {
	};
	objectVersion = 51;
	objects = {

/* Begin PBXBuildFile section */
		7B0EC987EB5B4567CAC7F11F /* Pods_ChiSweepTracker.framework in Frameworks */ = {isa = PBXBuildFile; fileRef = C99969CE76945B753DD567C6 /* Pods_ChiSweepTracker.framework */; };
		FA0EC350239AFB2600DD3127 /* Assets.xcassets in Resources */ = {isa = PBXBuildFile; fileRef = FA0EC34F239AFB2600DD3127 /* Assets.xcassets */; };
		FA0EC356239B105F00DD3127 /* MapKit.framework in Frameworks */ = {isa = PBXBuildFile; fileRef = FA0EC355239B105F00DD3127 /* MapKit.framework */; };
		FA0EC358239B263200DD3127 /* Common.swift in Sources */ = {isa = PBXBuildFile; fileRef = FA0EC357239B263200DD3127 /* Common.swift */; };
		FA0EC391239C31CF00DD3127 /* GoogleService-Info.plist in Resources */ = {isa = PBXBuildFile; fileRef = FA0EC390239C31CF00DD3127 /* GoogleService-Info.plist */; };
		FA11425D243A806600E7E798 /* InfoViewController.swift in Sources */ = {isa = PBXBuildFile; fileRef = FA11425C243A806600E7E798 /* InfoViewController.swift */; };
		FA11425F243B59D400E7E798 /* InfoModel.swift in Sources */ = {isa = PBXBuildFile; fileRef = FA11425E243B59D400E7E798 /* InfoModel.swift */; };
		FA184FA02398706200AB2FF6 /* ScheduleViewController.swift in Sources */ = {isa = PBXBuildFile; fileRef = FA184F9F2398706200AB2FF6 /* ScheduleViewController.swift */; };
		FA184FA32398709100AB2FF6 /* FavoriteViewController.swift in Sources */ = {isa = PBXBuildFile; fileRef = FA184FA22398709100AB2FF6 /* FavoriteViewController.swift */; };
		FA184FA823987AEE00AB2FF6 /* ScheduleModel.swift in Sources */ = {isa = PBXBuildFile; fileRef = FA184FA723987AEE00AB2FF6 /* ScheduleModel.swift */; };
		FA184FAC23987BE900AB2FF6 /* SODAClient.swift in Sources */ = {isa = PBXBuildFile; fileRef = FA184FAB23987BE900AB2FF6 /* SODAClient.swift */; };
		FA2890D923F443A400695F0A /* RelocatedDetailViewController.swift in Sources */ = {isa = PBXBuildFile; fileRef = FA2890D823F443A400695F0A /* RelocatedDetailViewController.swift */; };
		FA29464023985FE300A24FFC /* AppDelegate.swift in Sources */ = {isa = PBXBuildFile; fileRef = FA29463F23985FE300A24FFC /* AppDelegate.swift */; };
		FA29464223985FE300A24FFC /* SceneDelegate.swift in Sources */ = {isa = PBXBuildFile; fileRef = FA29464123985FE300A24FFC /* SceneDelegate.swift */; };
		FA29464423985FE300A24FFC /* SearchViewController.swift in Sources */ = {isa = PBXBuildFile; fileRef = FA29464323985FE300A24FFC /* SearchViewController.swift */; };
		FA29464723985FE300A24FFC /* Main.storyboard in Resources */ = {isa = PBXBuildFile; fileRef = FA29464523985FE300A24FFC /* Main.storyboard */; };
		FA29464C23985FE600A24FFC /* LaunchScreen.storyboard in Resources */ = {isa = PBXBuildFile; fileRef = FA29464A23985FE600A24FFC /* LaunchScreen.storyboard */; };
		FA3F868D23E47C7C00194C47 /* TowedSearchViewController.swift in Sources */ = {isa = PBXBuildFile; fileRef = FA3F868C23E47C7C00194C47 /* TowedSearchViewController.swift */; };
		FA3F868F23E48BEF00194C47 /* TowedResultsViewController.swift in Sources */ = {isa = PBXBuildFile; fileRef = FA3F868E23E48BEF00194C47 /* TowedResultsViewController.swift */; };
		FA3F869123E48DBB00194C47 /* VehicleModel.swift in Sources */ = {isa = PBXBuildFile; fileRef = FA3F869023E48DBB00194C47 /* VehicleModel.swift */; };
		FA3F869323E4DAD200194C47 /* TowedDetailViewController.swift in Sources */ = {isa = PBXBuildFile; fileRef = FA3F869223E4DAD100194C47 /* TowedDetailViewController.swift */; };
		FA5B0D9923F9E7FB00D90316 /* DivvyDetailViewController.swift in Sources */ = {isa = PBXBuildFile; fileRef = FA5B0D9823F9E7FA00D90316 /* DivvyDetailViewController.swift */; };
		FA5B0D9B23F9E8FA00D90316 /* DivvyStationModel.swift in Sources */ = {isa = PBXBuildFile; fileRef = FA5B0D9A23F9E8FA00D90316 /* DivvyStationModel.swift */; };
		FA6AFEE323A1E11D00F7E177 /* CalendarViewController.swift in Sources */ = {isa = PBXBuildFile; fileRef = FA6AFEE223A1E11D00F7E177 /* CalendarViewController.swift */; };
		FA6AFEE823A1E40800F7E177 /* DateCollectionViewCell.swift in Sources */ = {isa = PBXBuildFile; fileRef = FA6AFEE723A1E17600F7E177 /* DateCollectionViewCell.swift */; };
		FA87EFD923AAEB960061DDBC /* notification.m4r in Resources */ = {isa = PBXBuildFile; fileRef = FA87EFD823AAEB960061DDBC /* notification.m4r */; };
		FAD5595B242FB49200F11DA1 /* logo-trash-1024.png in Resources */ = {isa = PBXBuildFile; fileRef = FAD5595A242FB49100F11DA1 /* logo-trash-1024.png */; };
		FAD5595D2433D8E800F11DA1 /* UpdatesViewController.swift in Sources */ = {isa = PBXBuildFile; fileRef = FAD5595C2433D8E800F11DA1 /* UpdatesViewController.swift */; };
		FAD5595F2433E75700F11DA1 /* UpdatesModel.swift in Sources */ = {isa = PBXBuildFile; fileRef = FAD5595E2433E75700F11DA1 /* UpdatesModel.swift */; };
		FAD706A023E26B930017A14D /* CustomAnnotation.swift in Sources */ = {isa = PBXBuildFile; fileRef = FAD7069F23E26B930017A14D /* CustomAnnotation.swift */; };
		FAFB9B22243A600E00E5FBC5 /* CardView.swift in Sources */ = {isa = PBXBuildFile; fileRef = FAFB9B21243A600E00E5FBC5 /* CardView.swift */; };
/* End PBXBuildFile section */

/* Begin PBXFileReference section */
		BA3238BEB5A79E34C5F71659 /* Pods-ChiSweepTracker.debug.xcconfig */ = {isa = PBXFileReference; includeInIndex = 1; lastKnownFileType = text.xcconfig; name = "Pods-ChiSweepTracker.debug.xcconfig"; path = "Target Support Files/Pods-ChiSweepTracker/Pods-ChiSweepTracker.debug.xcconfig"; sourceTree = "<group>"; };
		C99969CE76945B753DD567C6 /* Pods_ChiSweepTracker.framework */ = {isa = PBXFileReference; explicitFileType = wrapper.framework; includeInIndex = 0; path = Pods_ChiSweepTracker.framework; sourceTree = BUILT_PRODUCTS_DIR; };
		DF241862024D4CE31CA6E263 /* Pods-ChiSweepTracker.release.xcconfig */ = {isa = PBXFileReference; includeInIndex = 1; lastKnownFileType = text.xcconfig; name = "Pods-ChiSweepTracker.release.xcconfig"; path = "Target Support Files/Pods-ChiSweepTracker/Pods-ChiSweepTracker.release.xcconfig"; sourceTree = "<group>"; };
		FA0EC34F239AFB2600DD3127 /* Assets.xcassets */ = {isa = PBXFileReference; lastKnownFileType = folder.assetcatalog; name = Assets.xcassets; path = ChiSweepTracker/Assets.xcassets; sourceTree = SOURCE_ROOT; };
		FA0EC355239B105F00DD3127 /* MapKit.framework */ = {isa = PBXFileReference; lastKnownFileType = wrapper.framework; name = MapKit.framework; path = System/Library/Frameworks/MapKit.framework; sourceTree = SDKROOT; };
		FA0EC357239B263200DD3127 /* Common.swift */ = {isa = PBXFileReference; lastKnownFileType = sourcecode.swift; path = Common.swift; sourceTree = "<group>"; };
		FA0EC38F239C265E00DD3127 /* Sweep Tracker.entitlements */ = {isa = PBXFileReference; lastKnownFileType = text.plist.entitlements; path = "Sweep Tracker.entitlements"; sourceTree = "<group>"; };
		FA0EC390239C31CF00DD3127 /* GoogleService-Info.plist */ = {isa = PBXFileReference; fileEncoding = 4; lastKnownFileType = text.plist.xml; path = "GoogleService-Info.plist"; sourceTree = "<group>"; };
		FA11425C243A806600E7E798 /* InfoViewController.swift */ = {isa = PBXFileReference; lastKnownFileType = sourcecode.swift; path = InfoViewController.swift; sourceTree = "<group>"; };
		FA11425E243B59D400E7E798 /* InfoModel.swift */ = {isa = PBXFileReference; lastKnownFileType = sourcecode.swift; path = InfoModel.swift; sourceTree = "<group>"; };
		FA184F9F2398706200AB2FF6 /* ScheduleViewController.swift */ = {isa = PBXFileReference; lastKnownFileType = sourcecode.swift; path = ScheduleViewController.swift; sourceTree = "<group>"; };
		FA184FA22398709100AB2FF6 /* FavoriteViewController.swift */ = {isa = PBXFileReference; lastKnownFileType = sourcecode.swift; path = FavoriteViewController.swift; sourceTree = "<group>"; };
		FA184FA723987AEE00AB2FF6 /* ScheduleModel.swift */ = {isa = PBXFileReference; lastKnownFileType = sourcecode.swift; path = ScheduleModel.swift; sourceTree = "<group>"; };
		FA184FAB23987BE900AB2FF6 /* SODAClient.swift */ = {isa = PBXFileReference; lastKnownFileType = sourcecode.swift; path = SODAClient.swift; sourceTree = "<group>"; };
		FA2890D823F443A400695F0A /* RelocatedDetailViewController.swift */ = {isa = PBXFileReference; lastKnownFileType = sourcecode.swift; path = RelocatedDetailViewController.swift; sourceTree = "<group>"; };
		FA29463C23985FE300A24FFC /* Sweep Tracker.app */ = {isa = PBXFileReference; explicitFileType = wrapper.application; includeInIndex = 0; path = "Sweep Tracker.app"; sourceTree = BUILT_PRODUCTS_DIR; };
		FA29463F23985FE300A24FFC /* AppDelegate.swift */ = {isa = PBXFileReference; lastKnownFileType = sourcecode.swift; path = AppDelegate.swift; sourceTree = "<group>"; };
		FA29464123985FE300A24FFC /* SceneDelegate.swift */ = {isa = PBXFileReference; lastKnownFileType = sourcecode.swift; path = SceneDelegate.swift; sourceTree = "<group>"; };
		FA29464323985FE300A24FFC /* SearchViewController.swift */ = {isa = PBXFileReference; lastKnownFileType = sourcecode.swift; path = SearchViewController.swift; sourceTree = "<group>"; };
		FA29464623985FE300A24FFC /* Base */ = {isa = PBXFileReference; lastKnownFileType = file.storyboard; name = Base; path = Base.lproj/Main.storyboard; sourceTree = "<group>"; };
		FA29464B23985FE600A24FFC /* Base */ = {isa = PBXFileReference; lastKnownFileType = file.storyboard; name = Base; path = Base.lproj/LaunchScreen.storyboard; sourceTree = "<group>"; };
		FA29464D23985FE600A24FFC /* Info.plist */ = {isa = PBXFileReference; lastKnownFileType = text.plist.xml; path = Info.plist; sourceTree = "<group>"; };
		FA3F868C23E47C7C00194C47 /* TowedSearchViewController.swift */ = {isa = PBXFileReference; lastKnownFileType = sourcecode.swift; path = TowedSearchViewController.swift; sourceTree = "<group>"; };
		FA3F868E23E48BEF00194C47 /* TowedResultsViewController.swift */ = {isa = PBXFileReference; lastKnownFileType = sourcecode.swift; path = TowedResultsViewController.swift; sourceTree = "<group>"; };
		FA3F869023E48DBB00194C47 /* VehicleModel.swift */ = {isa = PBXFileReference; lastKnownFileType = sourcecode.swift; path = VehicleModel.swift; sourceTree = "<group>"; };
		FA3F869223E4DAD100194C47 /* TowedDetailViewController.swift */ = {isa = PBXFileReference; lastKnownFileType = sourcecode.swift; name = TowedDetailViewController.swift; path = "/Users/macbook/Google Drive/ChiSweepTracker/ChiSweepTracker/ViewControllers/TowedDetailViewController.swift"; sourceTree = "<absolute>"; };
		FA5B0D9823F9E7FA00D90316 /* DivvyDetailViewController.swift */ = {isa = PBXFileReference; lastKnownFileType = sourcecode.swift; path = DivvyDetailViewController.swift; sourceTree = "<group>"; };
		FA5B0D9A23F9E8FA00D90316 /* DivvyStationModel.swift */ = {isa = PBXFileReference; lastKnownFileType = sourcecode.swift; path = DivvyStationModel.swift; sourceTree = "<group>"; };
		FA6AFEE223A1E11D00F7E177 /* CalendarViewController.swift */ = {isa = PBXFileReference; lastKnownFileType = sourcecode.swift; path = CalendarViewController.swift; sourceTree = "<group>"; };
		FA6AFEE723A1E17600F7E177 /* DateCollectionViewCell.swift */ = {isa = PBXFileReference; lastKnownFileType = sourcecode.swift; path = DateCollectionViewCell.swift; sourceTree = "<group>"; };
		FA87EFD823AAEB960061DDBC /* notification.m4r */ = {isa = PBXFileReference; lastKnownFileType = file; path = notification.m4r; sourceTree = "<group>"; };
		FAD5595A242FB49100F11DA1 /* logo-trash-1024.png */ = {isa = PBXFileReference; lastKnownFileType = image.png; path = "logo-trash-1024.png"; sourceTree = "<group>"; };
		FAD5595C2433D8E800F11DA1 /* UpdatesViewController.swift */ = {isa = PBXFileReference; lastKnownFileType = sourcecode.swift; path = UpdatesViewController.swift; sourceTree = "<group>"; };
		FAD5595E2433E75700F11DA1 /* UpdatesModel.swift */ = {isa = PBXFileReference; lastKnownFileType = sourcecode.swift; path = UpdatesModel.swift; sourceTree = "<group>"; };
		FAD7069F23E26B930017A14D /* CustomAnnotation.swift */ = {isa = PBXFileReference; lastKnownFileType = sourcecode.swift; path = CustomAnnotation.swift; sourceTree = "<group>"; };
		FAFB9B21243A600E00E5FBC5 /* CardView.swift */ = {isa = PBXFileReference; lastKnownFileType = sourcecode.swift; path = CardView.swift; sourceTree = "<group>"; };
/* End PBXFileReference section */

/* Begin PBXFrameworksBuildPhase section */
		FA29463923985FE300A24FFC /* Frameworks */ = {
			isa = PBXFrameworksBuildPhase;
			buildActionMask = 2147483647;
			files = (
				FA0EC356239B105F00DD3127 /* MapKit.framework in Frameworks */,
				7B0EC987EB5B4567CAC7F11F /* Pods_ChiSweepTracker.framework in Frameworks */,
			);
			runOnlyForDeploymentPostprocessing = 0;
		};
/* End PBXFrameworksBuildPhase section */

/* Begin PBXGroup section */
		5E13D92BDDB6117AABF4FF81 /* Pods */ = {
			isa = PBXGroup;
			children = (
				BA3238BEB5A79E34C5F71659 /* Pods-ChiSweepTracker.debug.xcconfig */,
				DF241862024D4CE31CA6E263 /* Pods-ChiSweepTracker.release.xcconfig */,
			);
			path = Pods;
			sourceTree = "<group>";
		};
		FA0EC351239B0B8200DD3127 /* Images */ = {
			isa = PBXGroup;
			children = (
				FAD5595A242FB49100F11DA1 /* logo-trash-1024.png */,
			);
			path = Images;
			sourceTree = "<group>";
		};
		FA0EC354239B105F00DD3127 /* Frameworks */ = {
			isa = PBXGroup;
			children = (
				FA0EC355239B105F00DD3127 /* MapKit.framework */,
				C99969CE76945B753DD567C6 /* Pods_ChiSweepTracker.framework */,
			);
			name = Frameworks;
			sourceTree = "<group>";
		};
		FA184FA12398707C00AB2FF6 /* ViewControllers */ = {
			isa = PBXGroup;
			children = (
				FA6AFEE223A1E11D00F7E177 /* CalendarViewController.swift */,
				FA5B0D9823F9E7FA00D90316 /* DivvyDetailViewController.swift */,
				FA184FA22398709100AB2FF6 /* FavoriteViewController.swift */,
				FA11425C243A806600E7E798 /* InfoViewController.swift */,
				FA2890D823F443A400695F0A /* RelocatedDetailViewController.swift */,
				FA184F9F2398706200AB2FF6 /* ScheduleViewController.swift */,
				FA29464323985FE300A24FFC /* SearchViewController.swift */,
				FA3F869223E4DAD100194C47 /* TowedDetailViewController.swift */,
				FA3F868C23E47C7C00194C47 /* TowedSearchViewController.swift */,
				FA3F868E23E48BEF00194C47 /* TowedResultsViewController.swift */,
				FAD5595C2433D8E800F11DA1 /* UpdatesViewController.swift */,
			);
			path = ViewControllers;
			sourceTree = "<group>";
		};
		FA184FA623987ADC00AB2FF6 /* Models */ = {
			isa = PBXGroup;
			children = (
				FA184FA723987AEE00AB2FF6 /* ScheduleModel.swift */,
				FA3F869023E48DBB00194C47 /* VehicleModel.swift */,
				FA5B0D9A23F9E8FA00D90316 /* DivvyStationModel.swift */,
				FAD5595E2433E75700F11DA1 /* UpdatesModel.swift */,
				FA11425E243B59D400E7E798 /* InfoModel.swift */,
			);
			path = Models;
			sourceTree = "<group>";
		};
		FA184FB6239967A400AB2FF6 /* Helpers */ = {
			isa = PBXGroup;
			children = (
				FA0EC357239B263200DD3127 /* Common.swift */,
				FA184FAB23987BE900AB2FF6 /* SODAClient.swift */,
			);
			path = Helpers;
			sourceTree = "<group>";
		};
		FA29463323985FE300A24FFC = {
			isa = PBXGroup;
			children = (
				FA29463E23985FE300A24FFC /* ChiSweepTracker */,
				FA29463D23985FE300A24FFC /* Products */,
				FA0EC354239B105F00DD3127 /* Frameworks */,
				5E13D92BDDB6117AABF4FF81 /* Pods */,
			);
			sourceTree = "<group>";
		};
		FA29463D23985FE300A24FFC /* Products */ = {
			isa = PBXGroup;
			children = (
				FA29463C23985FE300A24FFC /* Sweep Tracker.app */,
			);
			name = Products;
			sourceTree = "<group>";
		};
		FA29463E23985FE300A24FFC /* ChiSweepTracker */ = {
			isa = PBXGroup;
			children = (
				FA29464523985FE300A24FFC /* Main.storyboard */,
				FA29464A23985FE600A24FFC /* LaunchScreen.storyboard */,
				FA29464D23985FE600A24FFC /* Info.plist */,
				FA0EC390239C31CF00DD3127 /* GoogleService-Info.plist */,
				FA29463F23985FE300A24FFC /* AppDelegate.swift */,
				FA29464123985FE300A24FFC /* SceneDelegate.swift */,
				FA184FA12398707C00AB2FF6 /* ViewControllers */,
				FA6AFEE623A1E16200F7E177 /* CustomViews */,
				FA184FB6239967A400AB2FF6 /* Helpers */,
				FA184FA623987ADC00AB2FF6 /* Models */,
				FA0EC351239B0B8200DD3127 /* Images */,
				FA54D87D239FF91C00507ADC /* Sounds */,
				FA0EC34F239AFB2600DD3127 /* Assets.xcassets */,
				FA0EC38F239C265E00DD3127 /* Sweep Tracker.entitlements */,
			);
			path = ChiSweepTracker;
			sourceTree = "<group>";
		};
		FA54D87D239FF91C00507ADC /* Sounds */ = {
			isa = PBXGroup;
			children = (
				FA87EFD823AAEB960061DDBC /* notification.m4r */,
			);
			path = Sounds;
			sourceTree = "<group>";
		};
		FA6AFEE623A1E16200F7E177 /* CustomViews */ = {
			isa = PBXGroup;
			children = (
				FAD7069F23E26B930017A14D /* CustomAnnotation.swift */,
				FA6AFEE723A1E17600F7E177 /* DateCollectionViewCell.swift */,
				FAFB9B21243A600E00E5FBC5 /* CardView.swift */,
			);
			path = CustomViews;
			sourceTree = "<group>";
		};
/* End PBXGroup section */

/* Begin PBXNativeTarget section */
		FA29463B23985FE300A24FFC /* ChiSweepTracker */ = {
			isa = PBXNativeTarget;
			buildConfigurationList = FA29465023985FE600A24FFC /* Build configuration list for PBXNativeTarget "ChiSweepTracker" */;
			buildPhases = (
				1E09C50E4C7CFFD22F9A5F77 /* [CP] Check Pods Manifest.lock */,
				FA29463823985FE300A24FFC /* Sources */,
				FA29463923985FE300A24FFC /* Frameworks */,
				FA29463A23985FE300A24FFC /* Resources */,
				7697AAA64B43DF9AA91CC684 /* [CP] Embed Pods Frameworks */,
			);
			buildRules = (
			);
			dependencies = (
			);
			name = ChiSweepTracker;
			productName = ChiSweepTracker;
			productReference = FA29463C23985FE300A24FFC /* Sweep Tracker.app */;
			productType = "com.apple.product-type.application";
		};
/* End PBXNativeTarget section */

/* Begin PBXProject section */
		FA29463423985FE300A24FFC /* Project object */ = {
			isa = PBXProject;
			attributes = {
				LastSwiftUpdateCheck = 1120;
				LastUpgradeCheck = 1120;
				ORGANIZATIONNAME = "Kyle Beverforden";
				TargetAttributes = {
					FA29463B23985FE300A24FFC = {
						CreatedOnToolsVersion = 11.2.1;
					};
				};
			};
			buildConfigurationList = FA29463723985FE300A24FFC /* Build configuration list for PBXProject "ChiSweepTracker" */;
			compatibilityVersion = "Xcode 9.3";
			developmentRegion = en;
			hasScannedForEncodings = 0;
			knownRegions = (
				en,
				Base,
			);
			mainGroup = FA29463323985FE300A24FFC;
			productRefGroup = FA29463D23985FE300A24FFC /* Products */;
			projectDirPath = "";
			projectRoot = "";
			targets = (
				FA29463B23985FE300A24FFC /* ChiSweepTracker */,
			);
		};
/* End PBXProject section */

/* Begin PBXResourcesBuildPhase section */
		FA29463A23985FE300A24FFC /* Resources */ = {
			isa = PBXResourcesBuildPhase;
			buildActionMask = 2147483647;
			files = (
				FA29464C23985FE600A24FFC /* LaunchScreen.storyboard in Resources */,
				FA87EFD923AAEB960061DDBC /* notification.m4r in Resources */,
				FA0EC391239C31CF00DD3127 /* GoogleService-Info.plist in Resources */,
				FAD5595B242FB49200F11DA1 /* logo-trash-1024.png in Resources */,
				FA0EC350239AFB2600DD3127 /* Assets.xcassets in Resources */,
				FA29464723985FE300A24FFC /* Main.storyboard in Resources */,
			);
			runOnlyForDeploymentPostprocessing = 0;
		};
/* End PBXResourcesBuildPhase section */

/* Begin PBXShellScriptBuildPhase section */
		1E09C50E4C7CFFD22F9A5F77 /* [CP] Check Pods Manifest.lock */ = {
			isa = PBXShellScriptBuildPhase;
			buildActionMask = 2147483647;
			files = (
			);
			inputFileListPaths = (
			);
			inputPaths = (
				"${PODS_PODFILE_DIR_PATH}/Podfile.lock",
				"${PODS_ROOT}/Manifest.lock",
			);
			name = "[CP] Check Pods Manifest.lock";
			outputFileListPaths = (
			);
			outputPaths = (
				"$(DERIVED_FILE_DIR)/Pods-ChiSweepTracker-checkManifestLockResult.txt",
			);
			runOnlyForDeploymentPostprocessing = 0;
			shellPath = /bin/sh;
			shellScript = "diff \"${PODS_PODFILE_DIR_PATH}/Podfile.lock\" \"${PODS_ROOT}/Manifest.lock\" > /dev/null\nif [ $? != 0 ] ; then\n    # print error to STDERR\n    echo \"error: The sandbox is not in sync with the Podfile.lock. Run 'pod install' or update your CocoaPods installation.\" >&2\n    exit 1\nfi\n# This output is used by Xcode 'outputs' to avoid re-running this script phase.\necho \"SUCCESS\" > \"${SCRIPT_OUTPUT_FILE_0}\"\n";
			showEnvVarsInLog = 0;
		};
		7697AAA64B43DF9AA91CC684 /* [CP] Embed Pods Frameworks */ = {
			isa = PBXShellScriptBuildPhase;
			buildActionMask = 2147483647;
			files = (
			);
			inputFileListPaths = (
				"${PODS_ROOT}/Target Support Files/Pods-ChiSweepTracker/Pods-ChiSweepTracker-frameworks-${CONFIGURATION}-input-files.xcfilelist",
			);
			name = "[CP] Embed Pods Frameworks";
			outputFileListPaths = (
				"${PODS_ROOT}/Target Support Files/Pods-ChiSweepTracker/Pods-ChiSweepTracker-frameworks-${CONFIGURATION}-output-files.xcfilelist",
			);
			runOnlyForDeploymentPostprocessing = 0;
			shellPath = /bin/sh;
			shellScript = "\"${PODS_ROOT}/Target Support Files/Pods-ChiSweepTracker/Pods-ChiSweepTracker-frameworks.sh\"\n";
			showEnvVarsInLog = 0;
		};
/* End PBXShellScriptBuildPhase section */

/* Begin PBXSourcesBuildPhase section */
		FA29463823985FE300A24FFC /* Sources */ = {
			isa = PBXSourcesBuildPhase;
			buildActionMask = 2147483647;
			files = (
				FA6AFEE323A1E11D00F7E177 /* CalendarViewController.swift in Sources */,
				FA184FA32398709100AB2FF6 /* FavoriteViewController.swift in Sources */,
				FA3F869323E4DAD200194C47 /* TowedDetailViewController.swift in Sources */,
				FA6AFEE823A1E40800F7E177 /* DateCollectionViewCell.swift in Sources */,
				FA184FAC23987BE900AB2FF6 /* SODAClient.swift in Sources */,
				FAD5595F2433E75700F11DA1 /* UpdatesModel.swift in Sources */,
				FA5B0D9923F9E7FB00D90316 /* DivvyDetailViewController.swift in Sources */,
				FA184FA823987AEE00AB2FF6 /* ScheduleModel.swift in Sources */,
				FA11425F243B59D400E7E798 /* InfoModel.swift in Sources */,
				FA3F869123E48DBB00194C47 /* VehicleModel.swift in Sources */,
				FA3F868D23E47C7C00194C47 /* TowedSearchViewController.swift in Sources */,
				FA29464423985FE300A24FFC /* SearchViewController.swift in Sources */,
				FA11425D243A806600E7E798 /* InfoViewController.swift in Sources */,
				FA29464023985FE300A24FFC /* AppDelegate.swift in Sources */,
				FA3F868F23E48BEF00194C47 /* TowedResultsViewController.swift in Sources */,
				FA29464223985FE300A24FFC /* SceneDelegate.swift in Sources */,
				FA184FA02398706200AB2FF6 /* ScheduleViewController.swift in Sources */,
				FA2890D923F443A400695F0A /* RelocatedDetailViewController.swift in Sources */,
				FA0EC358239B263200DD3127 /* Common.swift in Sources */,
				FAD5595D2433D8E800F11DA1 /* UpdatesViewController.swift in Sources */,
				FAD706A023E26B930017A14D /* CustomAnnotation.swift in Sources */,
				FAFB9B22243A600E00E5FBC5 /* CardView.swift in Sources */,
				FA5B0D9B23F9E8FA00D90316 /* DivvyStationModel.swift in Sources */,
			);
			runOnlyForDeploymentPostprocessing = 0;
		};
/* End PBXSourcesBuildPhase section */

/* Begin PBXVariantGroup section */
		FA29464523985FE300A24FFC /* Main.storyboard */ = {
			isa = PBXVariantGroup;
			children = (
				FA29464623985FE300A24FFC /* Base */,
			);
			name = Main.storyboard;
			sourceTree = "<group>";
		};
		FA29464A23985FE600A24FFC /* LaunchScreen.storyboard */ = {
			isa = PBXVariantGroup;
			children = (
				FA29464B23985FE600A24FFC /* Base */,
			);
			name = LaunchScreen.storyboard;
			sourceTree = "<group>";
		};
/* End PBXVariantGroup section */

/* Begin XCBuildConfiguration section */
		FA29464E23985FE600A24FFC /* Debug */ = {
			isa = XCBuildConfiguration;
			buildSettings = {
				ALWAYS_SEARCH_USER_PATHS = NO;
				CLANG_ANALYZER_NONNULL = YES;
				CLANG_ANALYZER_NUMBER_OBJECT_CONVERSION = YES_AGGRESSIVE;
				CLANG_CXX_LANGUAGE_STANDARD = "gnu++14";
				CLANG_CXX_LIBRARY = "libc++";
				CLANG_ENABLE_MODULES = YES;
				CLANG_ENABLE_OBJC_ARC = YES;
				CLANG_ENABLE_OBJC_WEAK = YES;
				CLANG_WARN_BLOCK_CAPTURE_AUTORELEASING = YES;
				CLANG_WARN_BOOL_CONVERSION = YES;
				CLANG_WARN_COMMA = YES;
				CLANG_WARN_CONSTANT_CONVERSION = YES;
				CLANG_WARN_DEPRECATED_OBJC_IMPLEMENTATIONS = YES;
				CLANG_WARN_DIRECT_OBJC_ISA_USAGE = YES_ERROR;
				CLANG_WARN_DOCUMENTATION_COMMENTS = YES;
				CLANG_WARN_EMPTY_BODY = YES;
				CLANG_WARN_ENUM_CONVERSION = YES;
				CLANG_WARN_INFINITE_RECURSION = YES;
				CLANG_WARN_INT_CONVERSION = YES;
				CLANG_WARN_NON_LITERAL_NULL_CONVERSION = YES;
				CLANG_WARN_OBJC_IMPLICIT_RETAIN_SELF = YES;
				CLANG_WARN_OBJC_LITERAL_CONVERSION = YES;
				CLANG_WARN_OBJC_ROOT_CLASS = YES_ERROR;
				CLANG_WARN_RANGE_LOOP_ANALYSIS = YES;
				CLANG_WARN_STRICT_PROTOTYPES = YES;
				CLANG_WARN_SUSPICIOUS_MOVE = YES;
				CLANG_WARN_UNGUARDED_AVAILABILITY = YES_AGGRESSIVE;
				CLANG_WARN_UNREACHABLE_CODE = YES;
				CLANG_WARN__DUPLICATE_METHOD_MATCH = YES;
				COPY_PHASE_STRIP = NO;
				DEBUG_INFORMATION_FORMAT = dwarf;
				ENABLE_STRICT_OBJC_MSGSEND = YES;
				ENABLE_TESTABILITY = YES;
				GCC_C_LANGUAGE_STANDARD = gnu11;
				GCC_DYNAMIC_NO_PIC = NO;
				GCC_NO_COMMON_BLOCKS = YES;
				GCC_OPTIMIZATION_LEVEL = 0;
				GCC_PREPROCESSOR_DEFINITIONS = (
					"DEBUG=1",
					"$(inherited)",
				);
				GCC_WARN_64_TO_32_BIT_CONVERSION = YES;
				GCC_WARN_ABOUT_RETURN_TYPE = YES_ERROR;
				GCC_WARN_UNDECLARED_SELECTOR = YES;
				GCC_WARN_UNINITIALIZED_AUTOS = YES_AGGRESSIVE;
				GCC_WARN_UNUSED_FUNCTION = YES;
				GCC_WARN_UNUSED_VARIABLE = YES;
				IPHONEOS_DEPLOYMENT_TARGET = 10.0;
				MTL_ENABLE_DEBUG_INFO = INCLUDE_SOURCE;
				MTL_FAST_MATH = YES;
				ONLY_ACTIVE_ARCH = YES;
				SDKROOT = iphoneos;
				SWIFT_ACTIVE_COMPILATION_CONDITIONS = DEBUG;
				SWIFT_OPTIMIZATION_LEVEL = "-Onone";
			};
			name = Debug;
		};
		FA29464F23985FE600A24FFC /* Release */ = {
			isa = XCBuildConfiguration;
			buildSettings = {
				ALWAYS_SEARCH_USER_PATHS = NO;
				CLANG_ANALYZER_NONNULL = YES;
				CLANG_ANALYZER_NUMBER_OBJECT_CONVERSION = YES_AGGRESSIVE;
				CLANG_CXX_LANGUAGE_STANDARD = "gnu++14";
				CLANG_CXX_LIBRARY = "libc++";
				CLANG_ENABLE_MODULES = YES;
				CLANG_ENABLE_OBJC_ARC = YES;
				CLANG_ENABLE_OBJC_WEAK = YES;
				CLANG_WARN_BLOCK_CAPTURE_AUTORELEASING = YES;
				CLANG_WARN_BOOL_CONVERSION = YES;
				CLANG_WARN_COMMA = YES;
				CLANG_WARN_CONSTANT_CONVERSION = YES;
				CLANG_WARN_DEPRECATED_OBJC_IMPLEMENTATIONS = YES;
				CLANG_WARN_DIRECT_OBJC_ISA_USAGE = YES_ERROR;
				CLANG_WARN_DOCUMENTATION_COMMENTS = YES;
				CLANG_WARN_EMPTY_BODY = YES;
				CLANG_WARN_ENUM_CONVERSION = YES;
				CLANG_WARN_INFINITE_RECURSION = YES;
				CLANG_WARN_INT_CONVERSION = YES;
				CLANG_WARN_NON_LITERAL_NULL_CONVERSION = YES;
				CLANG_WARN_OBJC_IMPLICIT_RETAIN_SELF = YES;
				CLANG_WARN_OBJC_LITERAL_CONVERSION = YES;
				CLANG_WARN_OBJC_ROOT_CLASS = YES_ERROR;
				CLANG_WARN_RANGE_LOOP_ANALYSIS = YES;
				CLANG_WARN_STRICT_PROTOTYPES = YES;
				CLANG_WARN_SUSPICIOUS_MOVE = YES;
				CLANG_WARN_UNGUARDED_AVAILABILITY = YES_AGGRESSIVE;
				CLANG_WARN_UNREACHABLE_CODE = YES;
				CLANG_WARN__DUPLICATE_METHOD_MATCH = YES;
				COPY_PHASE_STRIP = NO;
				DEBUG_INFORMATION_FORMAT = "dwarf-with-dsym";
				ENABLE_NS_ASSERTIONS = NO;
				ENABLE_STRICT_OBJC_MSGSEND = YES;
				GCC_C_LANGUAGE_STANDARD = gnu11;
				GCC_NO_COMMON_BLOCKS = YES;
				GCC_WARN_64_TO_32_BIT_CONVERSION = YES;
				GCC_WARN_ABOUT_RETURN_TYPE = YES_ERROR;
				GCC_WARN_UNDECLARED_SELECTOR = YES;
				GCC_WARN_UNINITIALIZED_AUTOS = YES_AGGRESSIVE;
				GCC_WARN_UNUSED_FUNCTION = YES;
				GCC_WARN_UNUSED_VARIABLE = YES;
				IPHONEOS_DEPLOYMENT_TARGET = 10.0;
				MTL_ENABLE_DEBUG_INFO = NO;
				MTL_FAST_MATH = YES;
				SDKROOT = iphoneos;
				SWIFT_COMPILATION_MODE = wholemodule;
				SWIFT_OPTIMIZATION_LEVEL = "-O";
				VALIDATE_PRODUCT = YES;
			};
			name = Release;
		};
		FA29465123985FE600A24FFC /* Debug */ = {
			isa = XCBuildConfiguration;
			baseConfigurationReference = BA3238BEB5A79E34C5F71659 /* Pods-ChiSweepTracker.debug.xcconfig */;
			buildSettings = {
				ASSETCATALOG_COMPILER_APPICON_NAME = AppIcon;
				CODE_SIGN_ENTITLEMENTS = "ChiSweepTracker/Sweep Tracker.entitlements";
				CODE_SIGN_IDENTITY = "Apple Development";
				CODE_SIGN_STYLE = Automatic;
				CURRENT_PROJECT_VERSION = 0;
				DEBUG_INFORMATION_FORMAT = "dwarf-with-dsym";
				DEVELOPMENT_TEAM = 29ZYSAUDQH;
				INFOPLIST_FILE = ChiSweepTracker/Info.plist;
				LD_RUNPATH_SEARCH_PATHS = (
					"$(inherited)",
					"@executable_path/Frameworks",
				);
				MARKETING_VERSION = 17;
				PRODUCT_BUNDLE_IDENTIFIER = com.kylebeverforden.ChiSweepTracker;
				PRODUCT_NAME = "Sweep Tracker";
				PROVISIONING_PROFILE_SPECIFIER = "";
				SWIFT_VERSION = 5.0;
				TARGETED_DEVICE_FAMILY = 1;
			};
			name = Debug;
		};
		FA29465223985FE600A24FFC /* Release */ = {
			isa = XCBuildConfiguration;
			baseConfigurationReference = DF241862024D4CE31CA6E263 /* Pods-ChiSweepTracker.release.xcconfig */;
			buildSettings = {
				ASSETCATALOG_COMPILER_APPICON_NAME = AppIcon;
				CODE_SIGN_ENTITLEMENTS = "ChiSweepTracker/Sweep Tracker.entitlements";
				CODE_SIGN_IDENTITY = "Apple Development";
				CODE_SIGN_STYLE = Automatic;
				CURRENT_PROJECT_VERSION = 0;
				DEVELOPMENT_TEAM = 29ZYSAUDQH;
				INFOPLIST_FILE = ChiSweepTracker/Info.plist;
				LD_RUNPATH_SEARCH_PATHS = (
					"$(inherited)",
					"@executable_path/Frameworks",
				);
				MARKETING_VERSION = 17;
				PRODUCT_BUNDLE_IDENTIFIER = com.kylebeverforden.ChiSweepTracker;
				PRODUCT_NAME = "Sweep Tracker";
				PROVISIONING_PROFILE_SPECIFIER = "";
				SWIFT_VERSION = 5.0;
				TARGETED_DEVICE_FAMILY = 1;
			};
			name = Release;
		};
/* End XCBuildConfiguration section */

/* Begin XCConfigurationList section */
		FA29463723985FE300A24FFC /* Build configuration list for PBXProject "ChiSweepTracker" */ = {
			isa = XCConfigurationList;
			buildConfigurations = (
				FA29464E23985FE600A24FFC /* Debug */,
				FA29464F23985FE600A24FFC /* Release */,
			);
			defaultConfigurationIsVisible = 0;
			defaultConfigurationName = Release;
		};
		FA29465023985FE600A24FFC /* Build configuration list for PBXNativeTarget "ChiSweepTracker" */ = {
			isa = XCConfigurationList;
			buildConfigurations = (
				FA29465123985FE600A24FFC /* Debug */,
				FA29465223985FE600A24FFC /* Release */,
			);
			defaultConfigurationIsVisible = 0;
			defaultConfigurationName = Release;
		};
/* End XCConfigurationList section */
	};
	rootObject = FA29463423985FE300A24FFC /* Project object */;
}
